
Microsoft Visual Studio Solution File, Format Version 12.00
# Visual Studio Version 16
VisualStudioVersion = 16.0.32428.217
MinimumVisualStudioVersion = 10.0.40219.1
Project("{2150E333-8FDC-42A3-9474-1A3956D46DE8}") = "src", "src", "{1F064824-0A23-402C-9D24-156D8313376A}"
EndProject
Project("{2150E333-8FDC-42A3-9474-1A3956D46DE8}") = "Api", "Api", "{93C87654-6354-44B9-9E38-02B4B3FF8990}"
EndProject
Project("{2150E333-8FDC-42A3-9474-1A3956D46DE8}") = "Core", "Core", "{67D77D9B-B8AC-428F-96E0-05458DB2F3F5}"
EndProject
Project("{2150E333-8FDC-42A3-9474-1A3956D46DE8}") = "Infrastructure", "Infrastructure", "{86332B49-D55B-4C66-B328-38386E1257BC}"
EndProject
Project("{2150E333-8FDC-42A3-9474-1A3956D46DE8}") = "WebApi", "WebApi", "{A6E5EFE8-55DD-4EF2-B3DD-58A8F059805D}"
EndProject
Project("{2150E333-8FDC-42A3-9474-1A3956D46DE8}") = "Clients", "Clients", "{243F3250-8489-46C2-A6CF-D9A83576E9C4}"
EndProject
Project("{2150E333-8FDC-42A3-9474-1A3956D46DE8}") = "BlazorWeb", "BlazorWeb", "{DA21AEB5-7C75-4A13-A87E-6972066DFB96}"
EndProject
Project("{2150E333-8FDC-42A3-9474-1A3956D46DE8}") = "Common", "Common", "{D61E4CC4-4980-4199-8AC0-74C7137EFD52}"
EndProject
Project("{2150E333-8FDC-42A3-9474-1A3956D46DE8}") = "Projections", "Projections", "{855DBD8B-C6D9-47E3-A7DB-AC03015E39F5}"
EndProject
Global
	GlobalSection(SolutionProperties) = preSolution
		HideSolutionNode = FALSE
	EndGlobalSection
	GlobalSection(NestedProjects) = preSolution
		{93C87654-6354-44B9-9E38-02B4B3FF8990} = {1F064824-0A23-402C-9D24-156D8313376A}
		{67D77D9B-B8AC-428F-96E0-05458DB2F3F5} = {93C87654-6354-44B9-9E38-02B4B3FF8990}
		{86332B49-D55B-4C66-B328-38386E1257BC} = {93C87654-6354-44B9-9E38-02B4B3FF8990}
		{A6E5EFE8-55DD-4EF2-B3DD-58A8F059805D} = {93C87654-6354-44B9-9E38-02B4B3FF8990}
		{243F3250-8489-46C2-A6CF-D9A83576E9C4} = {1F064824-0A23-402C-9D24-156D8313376A}
		{DA21AEB5-7C75-4A13-A87E-6972066DFB96} = {243F3250-8489-46C2-A6CF-D9A83576E9C4}
		{D61E4CC4-4980-4199-8AC0-74C7137EFD52} = {1F064824-0A23-402C-9D24-156D8313376A}
		{855DBD8B-C6D9-47E3-A7DB-AC03015E39F5} = {1F064824-0A23-402C-9D24-156D8313376A}
	EndGlobalSection
	GlobalSection(ExtensibilityGlobals) = postSolution
		SolutionGuid = {F5ED60BD-1229-4D37-9B5E-E587A46C6E3B}
	EndGlobalSection
EndGlobal
